// !$*UTF8*$!
{
	archiveVersion = 1;
	classes = {
	};
	objectVersion = 56;
	objects = {

/* Begin PBXBuildFile section */
		BD33780A2A4A184C00B788C5 /* Empower_ATLApp.swift in Sources */ = {isa = PBXBuildFile; fileRef = BD3378092A4A184C00B788C5 /* Empower_ATLApp.swift */; };
		BD33780C2A4A184C00B788C5 /* ContentView.swift in Sources */ = {isa = PBXBuildFile; fileRef = BD33780B2A4A184C00B788C5 /* ContentView.swift */; };
		BD33780E2A4A184D00B788C5 /* Assets.xcassets in Resources */ = {isa = PBXBuildFile; fileRef = BD33780D2A4A184D00B788C5 /* Assets.xcassets */; };
		BD3378112A4A184D00B788C5 /* Preview Assets.xcassets in Resources */ = {isa = PBXBuildFile; fileRef = BD3378102A4A184D00B788C5 /* Preview Assets.xcassets */; };
		BD33781B2A4A184D00B788C5 /* Empower_ATLTests.swift in Sources */ = {isa = PBXBuildFile; fileRef = BD33781A2A4A184D00B788C5 /* Empower_ATLTests.swift */; };
		BD3378252A4A184D00B788C5 /* Empower_ATLUITests.swift in Sources */ = {isa = PBXBuildFile; fileRef = BD3378242A4A184D00B788C5 /* Empower_ATLUITests.swift */; };
		BD3378272A4A184D00B788C5 /* Empower_ATLUITestsLaunchTests.swift in Sources */ = {isa = PBXBuildFile; fileRef = BD3378262A4A184D00B788C5 /* Empower_ATLUITestsLaunchTests.swift */; };
/* End PBXBuildFile section */

/* Begin PBXContainerItemProxy section */
		BD3378172A4A184D00B788C5 /* PBXContainerItemProxy */ = {
			isa = PBXContainerItemProxy;
			containerPortal = BD3377FE2A4A184C00B788C5 /* Project object */;
			proxyType = 1;
			remoteGlobalIDString = BD3378052A4A184C00B788C5;
			remoteInfo = "Empower ATL";
		};
		BD3378212A4A184D00B788C5 /* PBXContainerItemProxy */ = {
			isa = PBXContainerItemProxy;
			containerPortal = BD3377FE2A4A184C00B788C5 /* Project object */;
			proxyType = 1;
			remoteGlobalIDString = BD3378052A4A184C00B788C5;
			remoteInfo = "Empower ATL";
		};
/* End PBXContainerItemProxy section */

/* Begin PBXFileReference section */
		BD3378062A4A184C00B788C5 /* Empower ATL.app */ = {isa = PBXFileReference; explicitFileType = wrapper.application; includeInIndex = 0; path = "Empower ATL.app"; sourceTree = BUILT_PRODUCTS_DIR; };
		BD3378092A4A184C00B788C5 /* Empower_ATLApp.swift */ = {isa = PBXFileReference; lastKnownFileType = sourcecode.swift; path = Empower_ATLApp.swift; sourceTree = "<group>"; };
		BD33780B2A4A184C00B788C5 /* ContentView.swift */ = {isa = PBXFileReference; lastKnownFileType = sourcecode.swift; path = ContentView.swift; sourceTree = "<group>"; };
		BD33780D2A4A184D00B788C5 /* Assets.xcassets */ = {isa = PBXFileReference; lastKnownFileType = folder.assetcatalog; path = Assets.xcassets; sourceTree = "<group>"; };
		BD3378102A4A184D00B788C5 /* Preview Assets.xcassets */ = {isa = PBXFileReference; lastKnownFileType = folder.assetcatalog; path = "Preview Assets.xcassets"; sourceTree = "<group>"; };
		BD3378162A4A184D00B788C5 /* Empower ATLTests.xctest */ = {isa = PBXFileReference; explicitFileType = wrapper.cfbundle; includeInIndex = 0; path = "Empower ATLTests.xctest"; sourceTree = BUILT_PRODUCTS_DIR; };
		BD33781A2A4A184D00B788C5 /* Empower_ATLTests.swift */ = {isa = PBXFileReference; lastKnownFileType = sourcecode.swift; path = Empower_ATLTests.swift; sourceTree = "<group>"; };
		BD3378202A4A184D00B788C5 /* Empower ATLUITests.xctest */ = {isa = PBXFileReference; explicitFileType = wrapper.cfbundle; includeInIndex = 0; path = "Empower ATLUITests.xctest"; sourceTree = BUILT_PRODUCTS_DIR; };
		BD3378242A4A184D00B788C5 /* Empower_ATLUITests.swift */ = {isa = PBXFileReference; lastKnownFileType = sourcecode.swift; path = Empower_ATLUITests.swift; sourceTree = "<group>"; };
		BD3378262A4A184D00B788C5 /* Empower_ATLUITestsLaunchTests.swift */ = {isa = PBXFileReference; lastKnownFileType = sourcecode.swift; path = Empower_ATLUITestsLaunchTests.swift; sourceTree = "<group>"; };
/* End PBXFileReference section */

/* Begin PBXFrameworksBuildPhase section */
		BD3378032A4A184C00B788C5 /* Frameworks */ = {
			isa = PBXFrameworksBuildPhase;
			buildActionMask = 2147483647;
			files = (
			);
			runOnlyForDeploymentPostprocessing = 0;
		};
		BD3378132A4A184D00B788C5 /* Frameworks */ = {
			isa = PBXFrameworksBuildPhase;
			buildActionMask = 2147483647;
			files = (
			);
			runOnlyForDeploymentPostprocessing = 0;
		};
		BD33781D2A4A184D00B788C5 /* Frameworks */ = {
			isa = PBXFrameworksBuildPhase;
			buildActionMask = 2147483647;
			files = (
			);
			runOnlyForDeploymentPostprocessing = 0;
		};
/* End PBXFrameworksBuildPhase section */

/* Begin PBXGroup section */
		BD3377FD2A4A184C00B788C5 = {
			isa = PBXGroup;
			children = (
				BD3378082A4A184C00B788C5 /* Empower ATL */,
				BD3378192A4A184D00B788C5 /* Empower ATLTests */,
				BD3378232A4A184D00B788C5 /* Empower ATLUITests */,
				BD3378072A4A184C00B788C5 /* Products */,
			);
			sourceTree = "<group>";
		};
		BD3378072A4A184C00B788C5 /* Products */ = {
			isa = PBXGroup;
			children = (
				BD3378062A4A184C00B788C5 /* Empower ATL.app */,
				BD3378162A4A184D00B788C5 /* Empower ATLTests.xctest */,
				BD3378202A4A184D00B788C5 /* Empower ATLUITests.xctest */,
			);
			name = Products;
			sourceTree = "<group>";
		};
		BD3378082A4A184C00B788C5 /* Empower ATL */ = {
			isa = PBXGroup;
			children = (
				BD3378092A4A184C00B788C5 /* Empower_ATLApp.swift */,
				BD33780B2A4A184C00B788C5 /* ContentView.swift */,
				BD33780D2A4A184D00B788C5 /* Assets.xcassets */,
				BD33780F2A4A184D00B788C5 /* Preview Content */,
			);
			path = "Empower ATL";
			sourceTree = "<group>";
		};
		BD33780F2A4A184D00B788C5 /* Preview Content */ = {
			isa = PBXGroup;
			children = (
				BD3378102A4A184D00B788C5 /* Preview Assets.xcassets */,
			);
			path = "Preview Content";
			sourceTree = "<group>";
		};
		BD3378192A4A184D00B788C5 /* Empower ATLTests */ = {
			isa = PBXGroup;
			children = (
				BD33781A2A4A184D00B788C5 /* Empower_ATLTests.swift */,
			);
			path = "Empower ATLTests";
			sourceTree = "<group>";
		};
		BD3378232A4A184D00B788C5 /* Empower ATLUITests */ = {
			isa = PBXGroup;
			children = (
				BD3378242A4A184D00B788C5 /* Empower_ATLUITests.swift */,
				BD3378262A4A184D00B788C5 /* Empower_ATLUITestsLaunchTests.swift */,
			);
			path = "Empower ATLUITests";
			sourceTree = "<group>";
		};
/* End PBXGroup section */

/* Begin PBXNativeTarget section */
		BD3378052A4A184C00B788C5 /* Empower ATL */ = {
			isa = PBXNativeTarget;
			buildConfigurationList = BD33782A2A4A184D00B788C5 /* Build configuration list for PBXNativeTarget "Empower ATL" */;
			buildPhases = (
				BD3378022A4A184C00B788C5 /* Sources */,
				BD3378032A4A184C00B788C5 /* Frameworks */,
				BD3378042A4A184C00B788C5 /* Resources */,
			);
			buildRules = (
			);
			dependencies = (
			);
			name = "Empower ATL";
			productName = "Empower ATL";
			productReference = BD3378062A4A184C00B788C5 /* Empower ATL.app */;
			productType = "com.apple.product-type.application";
		};
		BD3378152A4A184D00B788C5 /* Empower ATLTests */ = {
			isa = PBXNativeTarget;
			buildConfigurationList = BD33782D2A4A184D00B788C5 /* Build configuration list for PBXNativeTarget "Empower ATLTests" */;
			buildPhases = (
				BD3378122A4A184D00B788C5 /* Sources */,
				BD3378132A4A184D00B788C5 /* Frameworks */,
				BD3378142A4A184D00B788C5 /* Resources */,
			);
			buildRules = (
			);
			dependencies = (
				BD3378182A4A184D00B788C5 /* PBXTargetDependency */,
			);
			name = "Empower ATLTests";
			productName = "Empower ATLTests";
			productReference = BD3378162A4A184D00B788C5 /* Empower ATLTests.xctest */;
			productType = "com.apple.product-type.bundle.unit-test";
		};
		BD33781F2A4A184D00B788C5 /* Empower ATLUITests */ = {
			isa = PBXNativeTarget;
			buildConfigurationList = BD3378302A4A184D00B788C5 /* Build configuration list for PBXNativeTarget "Empower ATLUITests" */;
			buildPhases = (
				BD33781C2A4A184D00B788C5 /* Sources */,
				BD33781D2A4A184D00B788C5 /* Frameworks */,
				BD33781E2A4A184D00B788C5 /* Resources */,
			);
			buildRules = (
			);
			dependencies = (
				BD3378222A4A184D00B788C5 /* PBXTargetDependency */,
			);
			name = "Empower ATLUITests";
			productName = "Empower ATLUITests";
			productReference = BD3378202A4A184D00B788C5 /* Empower ATLUITests.xctest */;
			productType = "com.apple.product-type.bundle.ui-testing";
		};
/* End PBXNativeTarget section */

/* Begin PBXProject section */
		BD3377FE2A4A184C00B788C5 /* Project object */ = {
			isa = PBXProject;
			attributes = {
				BuildIndependentTargetsInParallel = 1;
				LastSwiftUpdateCheck = 1430;
				LastUpgradeCheck = 1430;
				TargetAttributes = {
					BD3378052A4A184C00B788C5 = {
						CreatedOnToolsVersion = 14.3.1;
					};
					BD3378152A4A184D00B788C5 = {
						CreatedOnToolsVersion = 14.3.1;
						TestTargetID = BD3378052A4A184C00B788C5;
					};
					BD33781F2A4A184D00B788C5 = {
						CreatedOnToolsVersion = 14.3.1;
						TestTargetID = BD3378052A4A184C00B788C5;
					};
				};
			};
			buildConfigurationList = BD3378012A4A184C00B788C5 /* Build configuration list for PBXProject "Empower ATL" */;
			compatibilityVersion = "Xcode 14.0";
			developmentRegion = en;
			hasScannedForEncodings = 0;
			knownRegions = (
				en,
				Base,
			);
			mainGroup = BD3377FD2A4A184C00B788C5;
			productRefGroup = BD3378072A4A184C00B788C5 /* Products */;
			projectDirPath = "";
			projectRoot = "";
			targets = (
				BD3378052A4A184C00B788C5 /* Empower ATL */,
				BD3378152A4A184D00B788C5 /* Empower ATLTests */,
				BD33781F2A4A184D00B788C5 /* Empower ATLUITests */,
			);
		};
/* End PBXProject section */

/* Begin PBXResourcesBuildPhase section */
		BD3378042A4A184C00B788C5 /* Resources */ = {
			isa = PBXResourcesBuildPhase;
			buildActionMask = 2147483647;
			files = (
				BD3378112A4A184D00B788C5 /* Preview Assets.xcassets in Resources */,
				BD33780E2A4A184D00B788C5 /* Assets.xcassets in Resources */,
			);
			runOnlyForDeploymentPostprocessing = 0;
		};
		BD3378142A4A184D00B788C5 /* Resources */ = {
			isa = PBXResourcesBuildPhase;
			buildActionMask = 2147483647;
			files = (
			);
			runOnlyForDeploymentPostprocessing = 0;
		};
		BD33781E2A4A184D00B788C5 /* Resources */ = {
			isa = PBXResourcesBuildPhase;
			buildActionMask = 2147483647;
			files = (
			);
			runOnlyForDeploymentPostprocessing = 0;
		};
/* End PBXResourcesBuildPhase section */

/* Begin PBXSourcesBuildPhase section */
		BD3378022A4A184C00B788C5 /* Sources */ = {
			isa = PBXSourcesBuildPhase;
			buildActionMask = 2147483647;
			files = (
				BD33780C2A4A184C00B788C5 /* ContentView.swift in Sources */,
				BD33780A2A4A184C00B788C5 /* Empower_ATLApp.swift in Sources */,
			);
			runOnlyForDeploymentPostprocessing = 0;
		};
		BD3378122A4A184D00B788C5 /* Sources */ = {
			isa = PBXSourcesBuildPhase;
			buildActionMask = 2147483647;
			files = (
				BD33781B2A4A184D00B788C5 /* Empower_ATLTests.swift in Sources */,
			);
			runOnlyForDeploymentPostprocessing = 0;
		};
		BD33781C2A4A184D00B788C5 /* Sources */ = {
			isa = PBXSourcesBuildPhase;
			buildActionMask = 2147483647;
			files = (
				BD3378272A4A184D00B788C5 /* Empower_ATLUITestsLaunchTests.swift in Sources */,
				BD3378252A4A184D00B788C5 /* Empower_ATLUITests.swift in Sources */,
			);
			runOnlyForDeploymentPostprocessing = 0;
		};
/* End PBXSourcesBuildPhase section */

/* Begin PBXTargetDependency section */
		BD3378182A4A184D00B788C5 /* PBXTargetDependency */ = {
			isa = PBXTargetDependency;
			target = BD3378052A4A184C00B788C5 /* Empower ATL */;
			targetProxy = BD3378172A4A184D00B788C5 /* PBXContainerItemProxy */;
		};
		BD3378222A4A184D00B788C5 /* PBXTargetDependency */ = {
			isa = PBXTargetDependency;
			target = BD3378052A4A184C00B788C5 /* Empower ATL */;
			targetProxy = BD3378212A4A184D00B788C5 /* PBXContainerItemProxy */;
		};
/* End PBXTargetDependency section */

/* Begin XCBuildConfiguration section */
		BD3378282A4A184D00B788C5 /* Debug */ = {
			isa = XCBuildConfiguration;
			buildSettings = {
				ALWAYS_SEARCH_USER_PATHS = NO;
				CLANG_ANALYZER_NONNULL = YES;
				CLANG_ANALYZER_NUMBER_OBJECT_CONVERSION = YES_AGGRESSIVE;
				CLANG_CXX_LANGUAGE_STANDARD = "gnu++20";
				CLANG_ENABLE_MODULES = YES;
				CLANG_ENABLE_OBJC_ARC = YES;
				CLANG_ENABLE_OBJC_WEAK = YES;
				CLANG_WARN_BLOCK_CAPTURE_AUTORELEASING = YES;
				CLANG_WARN_BOOL_CONVERSION = YES;
				CLANG_WARN_COMMA = YES;
				CLANG_WARN_CONSTANT_CONVERSION = YES;
				CLANG_WARN_DEPRECATED_OBJC_IMPLEMENTATIONS = YES;
				CLANG_WARN_DIRECT_OBJC_ISA_USAGE = YES_ERROR;
				CLANG_WARN_DOCUMENTATION_COMMENTS = YES;
				CLANG_WARN_EMPTY_BODY = YES;
				CLANG_WARN_ENUM_CONVERSION = YES;
				CLANG_WARN_INFINITE_RECURSION = YES;
				CLANG_WARN_INT_CONVERSION = YES;
				CLANG_WARN_NON_LITERAL_NULL_CONVERSION = YES;
				CLANG_WARN_OBJC_IMPLICIT_RETAIN_SELF = YES;
				CLANG_WARN_OBJC_LITERAL_CONVERSION = YES;
				CLANG_WARN_OBJC_ROOT_CLASS = YES_ERROR;
				CLANG_WARN_QUOTED_INCLUDE_IN_FRAMEWORK_HEADER = YES;
				CLANG_WARN_RANGE_LOOP_ANALYSIS = YES;
				CLANG_WARN_STRICT_PROTOTYPES = YES;
				CLANG_WARN_SUSPICIOUS_MOVE = YES;
				CLANG_WARN_UNGUARDED_AVAILABILITY = YES_AGGRESSIVE;
				CLANG_WARN_UNREACHABLE_CODE = YES;
				CLANG_WARN__DUPLICATE_METHOD_MATCH = YES;
				COPY_PHASE_STRIP = NO;
				DEBUG_INFORMATION_FORMAT = dwarf;
				ENABLE_STRICT_OBJC_MSGSEND = YES;
				ENABLE_TESTABILITY = YES;
				GCC_C_LANGUAGE_STANDARD = gnu11;
				GCC_DYNAMIC_NO_PIC = NO;
				GCC_NO_COMMON_BLOCKS = YES;
				GCC_OPTIMIZATION_LEVEL = 0;
				GCC_PREPROCESSOR_DEFINITIONS = (
					"DEBUG=1",
					"$(inherited)",
				);
				GCC_WARN_64_TO_32_BIT_CONVERSION = YES;
				GCC_WARN_ABOUT_RETURN_TYPE = YES_ERROR;
				GCC_WARN_UNDECLARED_SELECTOR = YES;
				GCC_WARN_UNINITIALIZED_AUTOS = YES_AGGRESSIVE;
				GCC_WARN_UNUSED_FUNCTION = YES;
				GCC_WARN_UNUSED_VARIABLE = YES;
				IPHONEOS_DEPLOYMENT_TARGET = 16.4;
				MTL_ENABLE_DEBUG_INFO = INCLUDE_SOURCE;
				MTL_FAST_MATH = YES;
				ONLY_ACTIVE_ARCH = YES;
				SDKROOT = iphoneos;
				SWIFT_ACTIVE_COMPILATION_CONDITIONS = DEBUG;
				SWIFT_OPTIMIZATION_LEVEL = "-Onone";
			};
			name = Debug;
		};
		BD3378292A4A184D00B788C5 /* Release */ = {
			isa = XCBuildConfiguration;
			buildSettings = {
				ALWAYS_SEARCH_USER_PATHS = NO;
				CLANG_ANALYZER_NONNULL = YES;
				CLANG_ANALYZER_NUMBER_OBJECT_CONVERSION = YES_AGGRESSIVE;
				CLANG_CXX_LANGUAGE_STANDARD = "gnu++20";
				CLANG_ENABLE_MODULES = YES;
				CLANG_ENABLE_OBJC_ARC = YES;
				CLANG_ENABLE_OBJC_WEAK = YES;
				CLANG_WARN_BLOCK_CAPTURE_AUTORELEASING = YES;
				CLANG_WARN_BOOL_CONVERSION = YES;
				CLANG_WARN_COMMA = YES;
				CLANG_WARN_CONSTANT_CONVERSION = YES;
				CLANG_WARN_DEPRECATED_OBJC_IMPLEMENTATIONS = YES;
				CLANG_WARN_DIRECT_OBJC_ISA_USAGE = YES_ERROR;
				CLANG_WARN_DOCUMENTATION_COMMENTS = YES;
				CLANG_WARN_EMPTY_BODY = YES;
				CLANG_WARN_ENUM_CONVERSION = YES;
				CLANG_WARN_INFINITE_RECURSION = YES;
				CLANG_WARN_INT_CONVERSION = YES;
				CLANG_WARN_NON_LITERAL_NULL_CONVERSION = YES;
				CLANG_WARN_OBJC_IMPLICIT_RETAIN_SELF = YES;
				CLANG_WARN_OBJC_LITERAL_CONVERSION = YES;
				CLANG_WARN_OBJC_ROOT_CLASS = YES_ERROR;
				CLANG_WARN_QUOTED_INCLUDE_IN_FRAMEWORK_HEADER = YES;
				CLANG_WARN_RANGE_LOOP_ANALYSIS = YES;
				CLANG_WARN_STRICT_PROTOTYPES = YES;
				CLANG_WARN_SUSPICIOUS_MOVE = YES;
				CLANG_WARN_UNGUARDED_AVAILABILITY = YES_AGGRESSIVE;
				CLANG_WARN_UNREACHABLE_CODE = YES;
				CLANG_WARN__DUPLICATE_METHOD_MATCH = YES;
				COPY_PHASE_STRIP = NO;
				DEBUG_INFORMATION_FORMAT = "dwarf-with-dsym";
				ENABLE_NS_ASSERTIONS = NO;
				ENABLE_STRICT_OBJC_MSGSEND = YES;
				GCC_C_LANGUAGE_STANDARD = gnu11;
				GCC_NO_COMMON_BLOCKS = YES;
				GCC_WARN_64_TO_32_BIT_CONVERSION = YES;
				GCC_WARN_ABOUT_RETURN_TYPE = YES_ERROR;
				GCC_WARN_UNDECLARED_SELECTOR = YES;
				GCC_WARN_UNINITIALIZED_AUTOS = YES_AGGRESSIVE;
				GCC_WARN_UNUSED_FUNCTION = YES;
				GCC_WARN_UNUSED_VARIABLE = YES;
				IPHONEOS_DEPLOYMENT_TARGET = 16.4;
				MTL_ENABLE_DEBUG_INFO = NO;
				MTL_FAST_MATH = YES;
				SDKROOT = iphoneos;
				SWIFT_COMPILATION_MODE = wholemodule;
				SWIFT_OPTIMIZATION_LEVEL = "-O";
				VALIDATE_PRODUCT = YES;
			};
			name = Release;
		};
		BD33782B2A4A184D00B788C5 /* Debug */ = {
			isa = XCBuildConfiguration;
			buildSettings = {
				ASSETCATALOG_COMPILER_APPICON_NAME = AppIcon;
				ASSETCATALOG_COMPILER_GLOBAL_ACCENT_COLOR_NAME = AccentColor;
				CODE_SIGN_STYLE = Automatic;
				CURRENT_PROJECT_VERSION = 1;
				DEVELOPMENT_ASSET_PATHS = "\"Empower ATL/Preview Content\"";
				ENABLE_PREVIEWS = YES;
				GENERATE_INFOPLIST_FILE = YES;
				INFOPLIST_KEY_UIApplicationSceneManifest_Generation = YES;
				INFOPLIST_KEY_UIApplicationSupportsIndirectInputEvents = YES;
				INFOPLIST_KEY_UILaunchScreen_Generation = YES;
				INFOPLIST_KEY_UISupportedInterfaceOrientations_iPad = "UIInterfaceOrientationPortrait UIInterfaceOrientationPortraitUpsideDown UIInterfaceOrientationLandscapeLeft UIInterfaceOrientationLandscapeRight";
				INFOPLIST_KEY_UISupportedInterfaceOrientations_iPhone = "UIInterfaceOrientationPortrait UIInterfaceOrientationLandscapeLeft UIInterfaceOrientationLandscapeRight";
				LD_RUNPATH_SEARCH_PATHS = (
					"$(inherited)",
					"@executable_path/Frameworks",
				);
				MARKETING_VERSION = 1.0;
				PRODUCT_BUNDLE_IDENTIFIER = "KWK.Empower-ATL";
				PRODUCT_NAME = "$(TARGET_NAME)";
				SWIFT_EMIT_LOC_STRINGS = YES;
				SWIFT_VERSION = 5.0;
				TARGETED_DEVICE_FAMILY = "1,2";
			};
			name = Debug;
		};
		BD33782C2A4A184D00B788C5 /* Release */ = {
			isa = XCBuildConfiguration;
			buildSettings = {
				ASSETCATALOG_COMPILER_APPICON_NAME = AppIcon;
				ASSETCATALOG_COMPILER_GLOBAL_ACCENT_COLOR_NAME = AccentColor;
				CODE_SIGN_STYLE = Automatic;
				CURRENT_PROJECT_VERSION = 1;
				DEVELOPMENT_ASSET_PATHS = "\"Empower ATL/Preview Content\"";
				ENABLE_PREVIEWS = YES;
				GENERATE_INFOPLIST_FILE = YES;
				INFOPLIST_KEY_UIApplicationSceneManifest_Generation = YES;
				INFOPLIST_KEY_UIApplicationSupportsIndirectInputEvents = YES;
				INFOPLIST_KEY_UILaunchScreen_Generation = YES;
				INFOPLIST_KEY_UISupportedInterfaceOrientations_iPad = "UIInterfaceOrientationPortrait UIInterfaceOrientationPortraitUpsideDown UIInterfaceOrientationLandscapeLeft UIInterfaceOrientationLandscapeRight";
				INFOPLIST_KEY_UISupportedInterfaceOrientations_iPhone = "UIInterfaceOrientationPortrait UIInterfaceOrientationLandscapeLeft UIInterfaceOrientationLandscapeRight";
				LD_RUNPATH_SEARCH_PATHS = (
					"$(inherited)",
					"@executable_path/Frameworks",
				);
				MARKETING_VERSION = 1.0;
				PRODUCT_BUNDLE_IDENTIFIER = "KWK.Empower-ATL";
				PRODUCT_NAME = "$(TARGET_NAME)";
				SWIFT_EMIT_LOC_STRINGS = YES;
				SWIFT_VERSION = 5.0;
				TARGETED_DEVICE_FAMILY = "1,2";
			};
			name = Release;
		};
		BD33782E2A4A184D00B788C5 /* Debug */ = {
			isa = XCBuildConfiguration;
			buildSettings = {
				ALWAYS_EMBED_SWIFT_STANDARD_LIBRARIES = YES;
				BUNDLE_LOADER = "$(TEST_HOST)";
				CODE_SIGN_STYLE = Automatic;
				CURRENT_PROJECT_VERSION = 1;
				GENERATE_INFOPLIST_FILE = YES;
				IPHONEOS_DEPLOYMENT_TARGET = 16.4;
				MARKETING_VERSION = 1.0;
				PRODUCT_BUNDLE_IDENTIFIER = "KWK.Empower-ATLTests";
				PRODUCT_NAME = "$(TARGET_NAME)";
				SWIFT_EMIT_LOC_STRINGS = NO;
				SWIFT_VERSION = 5.0;
				TARGETED_DEVICE_FAMILY = "1,2";
				TEST_HOST = "$(BUILT_PRODUCTS_DIR)/Empower ATL.app/$(BUNDLE_EXECUTABLE_FOLDER_PATH)/Empower ATL";
			};
			name = Debug;
		};
		BD33782F2A4A184D00B788C5 /* Release */ = {
			isa = XCBuildConfiguration;
			buildSettings = {
				ALWAYS_EMBED_SWIFT_STANDARD_LIBRARIES = YES;
				BUNDLE_LOADER = "$(TEST_HOST)";
				CODE_SIGN_STYLE = Automatic;
				CURRENT_PROJECT_VERSION = 1;
				GENERATE_INFOPLIST_FILE = YES;
				IPHONEOS_DEPLOYMENT_TARGET = 16.4;
				MARKETING_VERSION = 1.0;
				PRODUCT_BUNDLE_IDENTIFIER = "KWK.Empower-ATLTests";
				PRODUCT_NAME = "$(TARGET_NAME)";
				SWIFT_EMIT_LOC_STRINGS = NO;
				SWIFT_VERSION = 5.0;
				TARGETED_DEVICE_FAMILY = "1,2";
				TEST_HOST = "$(BUILT_PRODUCTS_DIR)/Empower ATL.app/$(BUNDLE_EXECUTABLE_FOLDER_PATH)/Empower ATL";
			};
			name = Release;
		};
		BD3378312A4A184D00B788C5 /* Debug */ = {
			isa = XCBuildConfiguration;
			buildSettings = {
				ALWAYS_EMBED_SWIFT_STANDARD_LIBRARIES = YES;
				CODE_SIGN_STYLE = Automatic;
				CURRENT_PROJECT_VERSION = 1;
				GENERATE_INFOPLIST_FILE = YES;
				MARKETING_VERSION = 1.0;
				PRODUCT_BUNDLE_IDENTIFIER = "KWK.Empower-ATLUITests";
				PRODUCT_NAME = "$(TARGET_NAME)";
				SWIFT_EMIT_LOC_STRINGS = NO;
				SWIFT_VERSION = 5.0;
				TARGETED_DEVICE_FAMILY = "1,2";
				TEST_TARGET_NAME = "Empower ATL";
			};
			name = Debug;
		};
		BD3378322A4A184D00B788C5 /* Release */ = {
			isa = XCBuildConfiguration;
			buildSettings = {
				ALWAYS_EMBED_SWIFT_STANDARD_LIBRARIES = YES;
				CODE_SIGN_STYLE = Automatic;
				CURRENT_PROJECT_VERSION = 1;
				GENERATE_INFOPLIST_FILE = YES;
				MARKETING_VERSION = 1.0;
				PRODUCT_BUNDLE_IDENTIFIER = "KWK.Empower-ATLUITests";
				PRODUCT_NAME = "$(TARGET_NAME)";
				SWIFT_EMIT_LOC_STRINGS = NO;
				SWIFT_VERSION = 5.0;
				TARGETED_DEVICE_FAMILY = "1,2";
				TEST_TARGET_NAME = "Empower ATL";
			};
			name = Release;
		};
/* End XCBuildConfiguration section */

/* Begin XCConfigurationList section */
		BD3378012A4A184C00B788C5 /* Build configuration list for PBXProject "Empower ATL" */ = {
			isa = XCConfigurationList;
			buildConfigurations = (
				BD3378282A4A184D00B788C5 /* Debug */,
				BD3378292A4A184D00B788C5 /* Release */,
			);
			defaultConfigurationIsVisible = 0;
			defaultConfigurationName = Release;
		};
		BD33782A2A4A184D00B788C5 /* Build configuration list for PBXNativeTarget "Empower ATL" */ = {
			isa = XCConfigurationList;
			buildConfigurations = (
				BD33782B2A4A184D00B788C5 /* Debug */,
				BD33782C2A4A184D00B788C5 /* Release */,
			);
			defaultConfigurationIsVisible = 0;
			defaultConfigurationName = Release;
		};
		BD33782D2A4A184D00B788C5 /* Build configuration list for PBXNativeTarget "Empower ATLTests" */ = {
			isa = XCConfigurationList;
			buildConfigurations = (
				BD33782E2A4A184D00B788C5 /* Debug */,
				BD33782F2A4A184D00B788C5 /* Release */,
			);
			defaultConfigurationIsVisible = 0;
			defaultConfigurationName = Release;
		};
		BD3378302A4A184D00B788C5 /* Build configuration list for PBXNativeTarget "Empower ATLUITests" */ = {
			isa = XCConfigurationList;
			buildConfigurations = (
				BD3378312A4A184D00B788C5 /* Debug */,
				BD3378322A4A184D00B788C5 /* Release */,
			);
			defaultConfigurationIsVisible = 0;
			defaultConfigurationName = Release;
		};
/* End XCConfigurationList section */
	};
	rootObject = BD3377FE2A4A184C00B788C5 /* Project object */;
}
